
Microsoft Visual Studio Solution File, Format Version 12.00
# Visual Studio 15
VisualStudioVersion = 15.0.26730.10
MinimumVisualStudioVersion = 10.0.40219.1
Project("{FAE04EC0-301F-11D3-BF4B-00C04F79EFBC}") = "BookUp", "BookUp\BookUp.csproj", "{73AC54C9-5866-4E48-BB12-1D5A34A61852}"
EndProject
Global
	GlobalSection(SolutionConfigurationPlatforms) = preSolution
		Debug|Any CPU = Debug|Any CPU
		Release|Any CPU = Release|Any CPU
	EndGlobalSection
	GlobalSection(ProjectConfigurationPlatforms) = postSolution
		{73AC54C9-5866-4E48-BB12-1D5A34A61852}.Debug|Any CPU.ActiveCfg = Debug|Any CPU
		{73AC54C9-5866-4E48-BB12-1D5A34A61852}.Debug|Any CPU.Build.0 = Debug|Any CPU
		{73AC54C9-5866-4E48-BB12-1D5A34A61852}.Release|Any CPU.ActiveCfg = Release|Any CPU
		{73AC54C9-5866-4E48-BB12-1D5A34A61852}.Release|Any CPU.Build.0 = Release|Any CPU
	EndGlobalSection
	GlobalSection(SolutionProperties) = preSolution
		HideSolutionNode = FALSE
	EndGlobalSection
	GlobalSection(ExtensibilityGlobals) = postSolution
		SolutionGuid = {7D2DB3AC-3BCD-4175-9A20-FE92B4C5E761}
	EndGlobalSection
EndGlobal
